Microsoft Visual Studio Solution File, Format Version 12.00
# Visual Studio 2012
Project("{FAE04EC0-301F-11D3-BF4B-00C04F79EFBC}") = "Healthbar tutorial", "Healthbar tutorial.csproj", "{6FA3C258-5262-4FE2-906C-9ADF42A33C6D}"
EndProject
Global
	GlobalSection(SolutionConfigurationPlatforms) = preSolution
	Debug|Any CPU = Debug|Any CPU
	ExportDebug|Any CPU = ExportDebug|Any CPU
	ExportRelease|Any CPU = ExportRelease|Any CPU
	EndGlobalSection
	GlobalSection(ProjectConfigurationPlatforms) = postSolution
		{6FA3C258-5262-4FE2-906C-9ADF42A33C6D}.Debug|Any CPU.ActiveCfg = Debug|Any CPU
		{6FA3C258-5262-4FE2-906C-9ADF42A33C6D}.Debug|Any CPU.Build.0 = Debug|Any CPU
		{6FA3C258-5262-4FE2-906C-9ADF42A33C6D}.ExportDebug|Any CPU.ActiveCfg = ExportDebug|Any CPU
		{6FA3C258-5262-4FE2-906C-9ADF42A33C6D}.ExportDebug|Any CPU.Build.0 = ExportDebug|Any CPU
		{6FA3C258-5262-4FE2-906C-9ADF42A33C6D}.ExportRelease|Any CPU.ActiveCfg = ExportRelease|Any CPU
		{6FA3C258-5262-4FE2-906C-9ADF42A33C6D}.ExportRelease|Any CPU.Build.0 = ExportRelease|Any CPU
	EndGlobalSection
EndGlobal
